
Microsoft Visual Studio Solution File, Format Version 12.00
# Visual Studio 15
VisualStudioVersion = 15.0.27004.2005
MinimumVisualStudioVersion = 10.0.40219.1
Project("{2150E333-8FDC-42A3-9474-1A3956D46DE8}") = "01-Domain", "01-Domain", "{C0BAF35E-E0E3-4648-B69B-B64C56D59B75}"
EndProject
Project("{2150E333-8FDC-42A3-9474-1A3956D46DE8}") = "02-Application", "02-Application", "{48170C69-3BD5-4488-B54A-49C4AC55060E}"
EndProject
Project("{FAE04EC0-301F-11D3-BF4B-00C04F79EFBC}") = "Example.Collection.Repository", "01-Domain\Example.Collection.Repository\Example.Collection.Repository.csproj", "{9C61F3BF-593B-407D-8033-8CAC720767E8}"
EndProject
Project("{FAE04EC0-301F-11D3-BF4B-00C04F79EFBC}") = "Example.Collection.Domain", "01-Domain\Example.Collection.Domain\Example.Collection.Domain.csproj", "{80328BA8-C606-45FC-995A-644EB34F4452}"
EndProject
Project("{FAE04EC0-301F-11D3-BF4B-00C04F79EFBC}") = "Example.Collection.Infrastructure", "01-Domain\Example.Collection.Infrastructure\Example.Collection.Infrastructure.csproj", "{9FA26075-0D3A-4423-854C-D233268209A3}"
EndProject
Project("{FAE04EC0-301F-11D3-BF4B-00C04F79EFBC}") = "Example.Collection.Resource", "01-Domain\Example.Collection.Resource\Example.Collection.Resource.csproj", "{F1C7452B-CAA9-4DE4-BB1B-8850488119AF}"
EndProject
Project("{2150E333-8FDC-42A3-9474-1A3956D46DE8}") = "03-Presentation", "03-Presentation", "{DC74A7BE-AECB-4DDD-AC42-5FE1D4BEBEF4}"
EndProject
Project("{2150E333-8FDC-42A3-9474-1A3956D46DE8}") = "04-Test", "04-Test", "{38D77B82-8F0B-4376-944D-CD41E13B7B1E}"
EndProject
Project("{2150E333-8FDC-42A3-9474-1A3956D46DE8}") = "IntegrationTest", "IntegrationTest", "{C9874528-F678-4FBF-955F-B5099D77BC64}"
EndProject
Project("{2150E333-8FDC-42A3-9474-1A3956D46DE8}") = "UnitTest", "UnitTest", "{B73188DE-9290-4274-8EC5-F77A1FC0663D}"
EndProject
Project("{FAE04EC0-301F-11D3-BF4B-00C04F79EFBC}") = "Example.Collection.UnitTest.Domain", "04-Test\UnitTest\Example.Collection.UnitTest.Domain\Example.Collection.UnitTest.Domain.csproj", "{9C77D09C-85EF-48E2-BEC6-9D351A136EC8}"
EndProject
Project("{FAE04EC0-301F-11D3-BF4B-00C04F79EFBC}") = "Example.Collection.ApplicationService", "02-Application\Example.Collection.ApplicationService\Example.Collection.ApplicationService.csproj", "{B8EF1E1C-A2D8-4560-B76B-F36426783F62}"
EndProject
Project("{FAE04EC0-301F-11D3-BF4B-00C04F79EFBC}") = "Example.Collection.ApplicationService.Interceptor", "02-Application\Example.Collection.ApplicationService.Interceptor\Example.Collection.ApplicationService.Interceptor.csproj", "{C062BD2D-5E14-44C6-977D-93FADEA552F6}"
EndProject
Global
	GlobalSection(SolutionConfigurationPlatforms) = preSolution
		Debug|Any CPU = Debug|Any CPU
		Release|Any CPU = Release|Any CPU
	EndGlobalSection
	GlobalSection(ProjectConfigurationPlatforms) = postSolution
		{9C61F3BF-593B-407D-8033-8CAC720767E8}.Debug|Any CPU.ActiveCfg = Debug|Any CPU
		{9C61F3BF-593B-407D-8033-8CAC720767E8}.Debug|Any CPU.Build.0 = Debug|Any CPU
		{9C61F3BF-593B-407D-8033-8CAC720767E8}.Release|Any CPU.ActiveCfg = Release|Any CPU
		{9C61F3BF-593B-407D-8033-8CAC720767E8}.Release|Any CPU.Build.0 = Release|Any CPU
		{80328BA8-C606-45FC-995A-644EB34F4452}.Debug|Any CPU.ActiveCfg = Debug|Any CPU
		{80328BA8-C606-45FC-995A-644EB34F4452}.Debug|Any CPU.Build.0 = Debug|Any CPU
		{80328BA8-C606-45FC-995A-644EB34F4452}.Release|Any CPU.ActiveCfg = Release|Any CPU
		{80328BA8-C606-45FC-995A-644EB34F4452}.Release|Any CPU.Build.0 = Release|Any CPU
		{9FA26075-0D3A-4423-854C-D233268209A3}.Debug|Any CPU.ActiveCfg = Debug|Any CPU
		{9FA26075-0D3A-4423-854C-D233268209A3}.Debug|Any CPU.Build.0 = Debug|Any CPU
		{9FA26075-0D3A-4423-854C-D233268209A3}.Release|Any CPU.ActiveCfg = Release|Any CPU
		{9FA26075-0D3A-4423-854C-D233268209A3}.Release|Any CPU.Build.0 = Release|Any CPU
		{F1C7452B-CAA9-4DE4-BB1B-8850488119AF}.Debug|Any CPU.ActiveCfg = Debug|Any CPU
		{F1C7452B-CAA9-4DE4-BB1B-8850488119AF}.Debug|Any CPU.Build.0 = Debug|Any CPU
		{F1C7452B-CAA9-4DE4-BB1B-8850488119AF}.Release|Any CPU.ActiveCfg = Release|Any CPU
		{F1C7452B-CAA9-4DE4-BB1B-8850488119AF}.Release|Any CPU.Build.0 = Release|Any CPU
		{9C77D09C-85EF-48E2-BEC6-9D351A136EC8}.Debug|Any CPU.ActiveCfg = Debug|Any CPU
		{9C77D09C-85EF-48E2-BEC6-9D351A136EC8}.Debug|Any CPU.Build.0 = Debug|Any CPU
		{9C77D09C-85EF-48E2-BEC6-9D351A136EC8}.Release|Any CPU.ActiveCfg = Release|Any CPU
		{9C77D09C-85EF-48E2-BEC6-9D351A136EC8}.Release|Any CPU.Build.0 = Release|Any CPU
		{B8EF1E1C-A2D8-4560-B76B-F36426783F62}.Debug|Any CPU.ActiveCfg = Debug|Any CPU
		{B8EF1E1C-A2D8-4560-B76B-F36426783F62}.Debug|Any CPU.Build.0 = Debug|Any CPU
		{B8EF1E1C-A2D8-4560-B76B-F36426783F62}.Release|Any CPU.ActiveCfg = Release|Any CPU
		{B8EF1E1C-A2D8-4560-B76B-F36426783F62}.Release|Any CPU.Build.0 = Release|Any CPU
		{C062BD2D-5E14-44C6-977D-93FADEA552F6}.Debug|Any CPU.ActiveCfg = Debug|Any CPU
		{C062BD2D-5E14-44C6-977D-93FADEA552F6}.Debug|Any CPU.Build.0 = Debug|Any CPU
		{C062BD2D-5E14-44C6-977D-93FADEA552F6}.Release|Any CPU.ActiveCfg = Release|Any CPU
		{C062BD2D-5E14-44C6-977D-93FADEA552F6}.Release|Any CPU.Build.0 = Release|Any CPU
	EndGlobalSection
	GlobalSection(SolutionProperties) = preSolution
		HideSolutionNode = FALSE
	EndGlobalSection
	GlobalSection(NestedProjects) = preSolution
		{9C61F3BF-593B-407D-8033-8CAC720767E8} = {C0BAF35E-E0E3-4648-B69B-B64C56D59B75}
		{80328BA8-C606-45FC-995A-644EB34F4452} = {C0BAF35E-E0E3-4648-B69B-B64C56D59B75}
		{9FA26075-0D3A-4423-854C-D233268209A3} = {C0BAF35E-E0E3-4648-B69B-B64C56D59B75}
		{F1C7452B-CAA9-4DE4-BB1B-8850488119AF} = {C0BAF35E-E0E3-4648-B69B-B64C56D59B75}
		{C9874528-F678-4FBF-955F-B5099D77BC64} = {38D77B82-8F0B-4376-944D-CD41E13B7B1E}
		{B73188DE-9290-4274-8EC5-F77A1FC0663D} = {38D77B82-8F0B-4376-944D-CD41E13B7B1E}
		{9C77D09C-85EF-48E2-BEC6-9D351A136EC8} = {B73188DE-9290-4274-8EC5-F77A1FC0663D}
		{B8EF1E1C-A2D8-4560-B76B-F36426783F62} = {48170C69-3BD5-4488-B54A-49C4AC55060E}
		{C062BD2D-5E14-44C6-977D-93FADEA552F6} = {48170C69-3BD5-4488-B54A-49C4AC55060E}
	EndGlobalSection
	GlobalSection(ExtensibilityGlobals) = postSolution
		SolutionGuid = {DFBBCF5A-9D12-4BD2-831E-9E84D3520281}
	EndGlobalSection
EndGlobal
